// !$*UTF8*$!
{
	archiveVersion = 1;
	classes = {
	};
	objectVersion = 55;
	objects = {

/* Begin PBXBuildFile section */
		8A568D4527FC819F000E44FD /* AppDelegate.swift in Sources */ = {isa = PBXBuildFile; fileRef = 8A568D4427FC819F000E44FD /* AppDelegate.swift */; };
		8A568D4727FC819F000E44FD /* SceneDelegate.swift in Sources */ = {isa = PBXBuildFile; fileRef = 8A568D4627FC819F000E44FD /* SceneDelegate.swift */; };
		8A568D4E27FC81A0000E44FD /* Assets.xcassets in Resources */ = {isa = PBXBuildFile; fileRef = 8A568D4D27FC81A0000E44FD /* Assets.xcassets */; };
		8A568D5127FC81A0000E44FD /* LaunchScreen.storyboard in Resources */ = {isa = PBXBuildFile; fileRef = 8A568D4F27FC81A0000E44FD /* LaunchScreen.storyboard */; };
		8A568D5C27FC84AD000E44FD /* AppCoordinator.swift in Sources */ = {isa = PBXBuildFile; fileRef = 8A568D5B27FC84AD000E44FD /* AppCoordinator.swift */; };
		8A568D5E27FC85DF000E44FD /* RepositoriesListCoordinator.swift in Sources */ = {isa = PBXBuildFile; fileRef = 8A568D5D27FC85DF000E44FD /* RepositoriesListCoordinator.swift */; };
		8A568D6027FC8689000E44FD /* RepositoriesListViewController.swift in Sources */ = {isa = PBXBuildFile; fileRef = 8A568D5F27FC8689000E44FD /* RepositoriesListViewController.swift */; };
		8A568D6227FC8707000E44FD /* RepositoriesListViewModel.swift in Sources */ = {isa = PBXBuildFile; fileRef = 8A568D6127FC8707000E44FD /* RepositoriesListViewModel.swift */; };
		8A568D6527FC8929000E44FD /* APIManager.swift in Sources */ = {isa = PBXBuildFile; fileRef = 8A568D6427FC8929000E44FD /* APIManager.swift */; };
		8A568D6927FC8A8B000E44FD /* UIColor+Extension.swift in Sources */ = {isa = PBXBuildFile; fileRef = 8A568D6827FC8A8B000E44FD /* UIColor+Extension.swift */; };
		8A568D6C27FC8E8A000E44FD /* RepositoriesListCell.swift in Sources */ = {isa = PBXBuildFile; fileRef = 8A568D6B27FC8E8A000E44FD /* RepositoriesListCell.swift */; };
		8A568D6F27FC8FDC000E44FD /* RepositoryModel.swift in Sources */ = {isa = PBXBuildFile; fileRef = 8A568D6E27FC8FDC000E44FD /* RepositoryModel.swift */; };
		8A568D7127FC99B8000E44FD /* CollectionReusableView.swift in Sources */ = {isa = PBXBuildFile; fileRef = 8A568D7027FC99B8000E44FD /* CollectionReusableView.swift */; };
		8A568D7327FCACFF000E44FD /* Colors.xcassets in Resources */ = {isa = PBXBuildFile; fileRef = 8A568D7227FCACFF000E44FD /* Colors.xcassets */; };
/* End PBXBuildFile section */

/* Begin PBXFileReference section */
		8A568D4127FC819F000E44FD /* RecruitmentTask.app */ = {isa = PBXFileReference; explicitFileType = wrapper.application; includeInIndex = 0; path = RecruitmentTask.app; sourceTree = BUILT_PRODUCTS_DIR; };
		8A568D4427FC819F000E44FD /* AppDelegate.swift */ = {isa = PBXFileReference; lastKnownFileType = sourcecode.swift; path = AppDelegate.swift; sourceTree = "<group>"; };
		8A568D4627FC819F000E44FD /* SceneDelegate.swift */ = {isa = PBXFileReference; lastKnownFileType = sourcecode.swift; path = SceneDelegate.swift; sourceTree = "<group>"; };
		8A568D4D27FC81A0000E44FD /* Assets.xcassets */ = {isa = PBXFileReference; lastKnownFileType = folder.assetcatalog; path = Assets.xcassets; sourceTree = "<group>"; };
		8A568D5027FC81A0000E44FD /* Base */ = {isa = PBXFileReference; lastKnownFileType = file.storyboard; name = Base; path = Base.lproj/LaunchScreen.storyboard; sourceTree = "<group>"; };
		8A568D5227FC81A0000E44FD /* Info.plist */ = {isa = PBXFileReference; lastKnownFileType = text.plist.xml; path = Info.plist; sourceTree = "<group>"; };
		8A568D5B27FC84AD000E44FD /* AppCoordinator.swift */ = {isa = PBXFileReference; lastKnownFileType = sourcecode.swift; path = AppCoordinator.swift; sourceTree = "<group>"; };
		8A568D5D27FC85DF000E44FD /* RepositoriesListCoordinator.swift */ = {isa = PBXFileReference; lastKnownFileType = sourcecode.swift; path = RepositoriesListCoordinator.swift; sourceTree = "<group>"; };
		8A568D5F27FC8689000E44FD /* RepositoriesListViewController.swift */ = {isa = PBXFileReference; lastKnownFileType = sourcecode.swift; path = RepositoriesListViewController.swift; sourceTree = "<group>"; };
		8A568D6127FC8707000E44FD /* RepositoriesListViewModel.swift */ = {isa = PBXFileReference; lastKnownFileType = sourcecode.swift; path = RepositoriesListViewModel.swift; sourceTree = "<group>"; };
		8A568D6427FC8929000E44FD /* APIManager.swift */ = {isa = PBXFileReference; lastKnownFileType = sourcecode.swift; path = APIManager.swift; sourceTree = "<group>"; };
		8A568D6827FC8A8B000E44FD /* UIColor+Extension.swift */ = {isa = PBXFileReference; lastKnownFileType = sourcecode.swift; path = "UIColor+Extension.swift"; sourceTree = "<group>"; };
		8A568D6B27FC8E8A000E44FD /* RepositoriesListCell.swift */ = {isa = PBXFileReference; lastKnownFileType = sourcecode.swift; path = RepositoriesListCell.swift; sourceTree = "<group>"; };
		8A568D6E27FC8FDC000E44FD /* RepositoryModel.swift */ = {isa = PBXFileReference; lastKnownFileType = sourcecode.swift; path = RepositoryModel.swift; sourceTree = "<group>"; };
		8A568D7027FC99B8000E44FD /* CollectionReusableView.swift */ = {isa = PBXFileReference; lastKnownFileType = sourcecode.swift; path = CollectionReusableView.swift; sourceTree = "<group>"; };
		8A568D7227FCACFF000E44FD /* Colors.xcassets */ = {isa = PBXFileReference; lastKnownFileType = folder.assetcatalog; path = Colors.xcassets; sourceTree = "<group>"; };
/* End PBXFileReference section */

/* Begin PBXFrameworksBuildPhase section */
		8A568D3E27FC819F000E44FD /* Frameworks */ = {
			isa = PBXFrameworksBuildPhase;
			buildActionMask = 2147483647;
			files = (
			);
			runOnlyForDeploymentPostprocessing = 0;
		};
/* End PBXFrameworksBuildPhase section */

/* Begin PBXGroup section */
		8A568D3827FC819F000E44FD = {
			isa = PBXGroup;
			children = (
				8A568D4327FC819F000E44FD /* RecruitmentTask */,
				8A568D4227FC819F000E44FD /* Products */,
			);
			sourceTree = "<group>";
		};
		8A568D4227FC819F000E44FD /* Products */ = {
			isa = PBXGroup;
			children = (
				8A568D4127FC819F000E44FD /* RecruitmentTask.app */,
			);
			name = Products;
			sourceTree = "<group>";
		};
		8A568D4327FC819F000E44FD /* RecruitmentTask */ = {
			isa = PBXGroup;
			children = (
				8A568D6D27FC8FCB000E44FD /* Models */,
				8A568D6727FC8A6C000E44FD /* Extensions */,
				8A568D6327FC8910000E44FD /* Managers */,
				8A568D5A27FC8480000E44FD /* ViewModels */,
				8A568D5927FC847B000E44FD /* Controllers */,
				8A568D6A27FC8E74000E44FD /* Views */,
				8A568D5827FC8472000E44FD /* Coordinators */,
				8A568D6627FC894F000E44FD /* Resources */,
				8A568D5227FC81A0000E44FD /* Info.plist */,
			);
			path = RecruitmentTask;
			sourceTree = "<group>";
		};
		8A568D5827FC8472000E44FD /* Coordinators */ = {
			isa = PBXGroup;
			children = (
				8A568D5B27FC84AD000E44FD /* AppCoordinator.swift */,
				8A568D5D27FC85DF000E44FD /* RepositoriesListCoordinator.swift */,
			);
			path = Coordinators;
			sourceTree = "<group>";
		};
		8A568D5927FC847B000E44FD /* Controllers */ = {
			isa = PBXGroup;
			children = (
				8A568D5F27FC8689000E44FD /* RepositoriesListViewController.swift */,
			);
			path = Controllers;
			sourceTree = "<group>";
		};
		8A568D5A27FC8480000E44FD /* ViewModels */ = {
			isa = PBXGroup;
			children = (
				8A568D6127FC8707000E44FD /* RepositoriesListViewModel.swift */,
			);
			path = ViewModels;
			sourceTree = "<group>";
		};
		8A568D6327FC8910000E44FD /* Managers */ = {
			isa = PBXGroup;
			children = (
				8A568D6427FC8929000E44FD /* APIManager.swift */,
			);
			path = Managers;
			sourceTree = "<group>";
		};
		8A568D6627FC894F000E44FD /* Resources */ = {
			isa = PBXGroup;
			children = (
				8A568D7227FCACFF000E44FD /* Colors.xcassets */,
				8A568D4D27FC81A0000E44FD /* Assets.xcassets */,
				8A568D4427FC819F000E44FD /* AppDelegate.swift */,
				8A568D4627FC819F000E44FD /* SceneDelegate.swift */,
			);
			path = Resources;
			sourceTree = "<group>";
		};
		8A568D6727FC8A6C000E44FD /* Extensions */ = {
			isa = PBXGroup;
			children = (
				8A568D6827FC8A8B000E44FD /* UIColor+Extension.swift */,
			);
			path = Extensions;
			sourceTree = "<group>";
		};
		8A568D6A27FC8E74000E44FD /* Views */ = {
			isa = PBXGroup;
			children = (
				8A568D4F27FC81A0000E44FD /* LaunchScreen.storyboard */,
				8A568D6B27FC8E8A000E44FD /* RepositoriesListCell.swift */,
				8A568D7027FC99B8000E44FD /* CollectionReusableView.swift */,
			);
			path = Views;
			sourceTree = "<group>";
		};
		8A568D6D27FC8FCB000E44FD /* Models */ = {
			isa = PBXGroup;
			children = (
				8A568D6E27FC8FDC000E44FD /* RepositoryModel.swift */,
			);
			path = Models;
			sourceTree = "<group>";
		};
/* End PBXGroup section */

/* Begin PBXNativeTarget section */
		8A568D4027FC819F000E44FD /* RecruitmentTask */ = {
			isa = PBXNativeTarget;
			buildConfigurationList = 8A568D5527FC81A0000E44FD /* Build configuration list for PBXNativeTarget "RecruitmentTask" */;
			buildPhases = (
				8A568D3D27FC819F000E44FD /* Sources */,
				8A568D3E27FC819F000E44FD /* Frameworks */,
				8A568D3F27FC819F000E44FD /* Resources */,
			);
			buildRules = (
			);
			dependencies = (
			);
			name = RecruitmentTask;
			productName = RecruitmentTask;
			productReference = 8A568D4127FC819F000E44FD /* RecruitmentTask.app */;
			productType = "com.apple.product-type.application";
		};
/* End PBXNativeTarget section */

/* Begin PBXProject section */
		8A568D3927FC819F000E44FD /* Project object */ = {
			isa = PBXProject;
			attributes = {
				BuildIndependentTargetsInParallel = 1;
				LastSwiftUpdateCheck = 1330;
				LastUpgradeCheck = 1330;
				TargetAttributes = {
					8A568D4027FC819F000E44FD = {
						CreatedOnToolsVersion = 13.3;
					};
				};
			};
			buildConfigurationList = 8A568D3C27FC819F000E44FD /* Build configuration list for PBXProject "RecruitmentTask" */;
			compatibilityVersion = "Xcode 13.0";
			developmentRegion = en;
			hasScannedForEncodings = 0;
			knownRegions = (
				en,
				Base,
			);
			mainGroup = 8A568D3827FC819F000E44FD;
			productRefGroup = 8A568D4227FC819F000E44FD /* Products */;
			projectDirPath = "";
			projectRoot = "";
			targets = (
				8A568D4027FC819F000E44FD /* RecruitmentTask */,
			);
		};
/* End PBXProject section */

/* Begin PBXResourcesBuildPhase section */
		8A568D3F27FC819F000E44FD /* Resources */ = {
			isa = PBXResourcesBuildPhase;
			buildActionMask = 2147483647;
			files = (
				8A568D7327FCACFF000E44FD /* Colors.xcassets in Resources */,
				8A568D5127FC81A0000E44FD /* LaunchScreen.storyboard in Resources */,
				8A568D4E27FC81A0000E44FD /* Assets.xcassets in Resources */,
			);
			runOnlyForDeploymentPostprocessing = 0;
		};
/* End PBXResourcesBuildPhase section */

/* Begin PBXSourcesBuildPhase section */
		8A568D3D27FC819F000E44FD /* Sources */ = {
			isa = PBXSourcesBuildPhase;
			buildActionMask = 2147483647;
			files = (
				8A568D6C27FC8E8A000E44FD /* RepositoriesListCell.swift in Sources */,
				8A568D7127FC99B8000E44FD /* CollectionReusableView.swift in Sources */,
				8A568D6F27FC8FDC000E44FD /* RepositoryModel.swift in Sources */,
				8A568D6527FC8929000E44FD /* APIManager.swift in Sources */,
				8A568D6227FC8707000E44FD /* RepositoriesListViewModel.swift in Sources */,
				8A568D6027FC8689000E44FD /* RepositoriesListViewController.swift in Sources */,
				8A568D5C27FC84AD000E44FD /* AppCoordinator.swift in Sources */,
				8A568D4527FC819F000E44FD /* AppDelegate.swift in Sources */,
				8A568D5E27FC85DF000E44FD /* RepositoriesListCoordinator.swift in Sources */,
				8A568D4727FC819F000E44FD /* SceneDelegate.swift in Sources */,
				8A568D6927FC8A8B000E44FD /* UIColor+Extension.swift in Sources */,
			);
			runOnlyForDeploymentPostprocessing = 0;
		};
/* End PBXSourcesBuildPhase section */

/* Begin PBXVariantGroup section */
		8A568D4F27FC81A0000E44FD /* LaunchScreen.storyboard */ = {
			isa = PBXVariantGroup;
			children = (
				8A568D5027FC81A0000E44FD /* Base */,
			);
			name = LaunchScreen.storyboard;
			sourceTree = "<group>";
		};
/* End PBXVariantGroup section */

/* Begin XCBuildConfiguration section */
		8A568D5327FC81A0000E44FD /* Debug */ = {
			isa = XCBuildConfiguration;
			buildSettings = {
				ALWAYS_SEARCH_USER_PATHS = NO;
				CLANG_ANALYZER_NONNULL = YES;
				CLANG_ANALYZER_NUMBER_OBJECT_CONVERSION = YES_AGGRESSIVE;
				CLANG_CXX_LANGUAGE_STANDARD = "gnu++17";
				CLANG_ENABLE_MODULES = YES;
				CLANG_ENABLE_OBJC_ARC = YES;
				CLANG_ENABLE_OBJC_WEAK = YES;
				CLANG_WARN_BLOCK_CAPTURE_AUTORELEASING = YES;
				CLANG_WARN_BOOL_CONVERSION = YES;
				CLANG_WARN_COMMA = YES;
				CLANG_WARN_CONSTANT_CONVERSION = YES;
				CLANG_WARN_DEPRECATED_OBJC_IMPLEMENTATIONS = YES;
				CLANG_WARN_DIRECT_OBJC_ISA_USAGE = YES_ERROR;
				CLANG_WARN_DOCUMENTATION_COMMENTS = YES;
				CLANG_WARN_EMPTY_BODY = YES;
				CLANG_WARN_ENUM_CONVERSION = YES;
				CLANG_WARN_INFINITE_RECURSION = YES;
				CLANG_WARN_INT_CONVERSION = YES;
				CLANG_WARN_NON_LITERAL_NULL_CONVERSION = YES;
				CLANG_WARN_OBJC_IMPLICIT_RETAIN_SELF = YES;
				CLANG_WARN_OBJC_LITERAL_CONVERSION = YES;
				CLANG_WARN_OBJC_ROOT_CLASS = YES_ERROR;
				CLANG_WARN_QUOTED_INCLUDE_IN_FRAMEWORK_HEADER = YES;
				CLANG_WARN_RANGE_LOOP_ANALYSIS = YES;
				CLANG_WARN_STRICT_PROTOTYPES = YES;
				CLANG_WARN_SUSPICIOUS_MOVE = YES;
				CLANG_WARN_UNGUARDED_AVAILABILITY = YES_AGGRESSIVE;
				CLANG_WARN_UNREACHABLE_CODE = YES;
				CLANG_WARN__DUPLICATE_METHOD_MATCH = YES;
				COPY_PHASE_STRIP = NO;
				DEBUG_INFORMATION_FORMAT = dwarf;
				ENABLE_STRICT_OBJC_MSGSEND = YES;
				ENABLE_TESTABILITY = YES;
				GCC_C_LANGUAGE_STANDARD = gnu11;
				GCC_DYNAMIC_NO_PIC = NO;
				GCC_NO_COMMON_BLOCKS = YES;
				GCC_OPTIMIZATION_LEVEL = 0;
				GCC_PREPROCESSOR_DEFINITIONS = (
					"DEBUG=1",
					"$(inherited)",
				);
				GCC_WARN_64_TO_32_BIT_CONVERSION = YES;
				GCC_WARN_ABOUT_RETURN_TYPE = YES_ERROR;
				GCC_WARN_UNDECLARED_SELECTOR = YES;
				GCC_WARN_UNINITIALIZED_AUTOS = YES_AGGRESSIVE;
				GCC_WARN_UNUSED_FUNCTION = YES;
				GCC_WARN_UNUSED_VARIABLE = YES;
				IPHONEOS_DEPLOYMENT_TARGET = 15.4;
				MTL_ENABLE_DEBUG_INFO = INCLUDE_SOURCE;
				MTL_FAST_MATH = YES;
				ONLY_ACTIVE_ARCH = YES;
				SDKROOT = iphoneos;
				SWIFT_ACTIVE_COMPILATION_CONDITIONS = DEBUG;
				SWIFT_OPTIMIZATION_LEVEL = "-Onone";
			};
			name = Debug;
		};
		8A568D5427FC81A0000E44FD /* Release */ = {
			isa = XCBuildConfiguration;
			buildSettings = {
				ALWAYS_SEARCH_USER_PATHS = NO;
				CLANG_ANALYZER_NONNULL = YES;
				CLANG_ANALYZER_NUMBER_OBJECT_CONVERSION = YES_AGGRESSIVE;
				CLANG_CXX_LANGUAGE_STANDARD = "gnu++17";
				CLANG_ENABLE_MODULES = YES;
				CLANG_ENABLE_OBJC_ARC = YES;
				CLANG_ENABLE_OBJC_WEAK = YES;
				CLANG_WARN_BLOCK_CAPTURE_AUTORELEASING = YES;
				CLANG_WARN_BOOL_CONVERSION = YES;
				CLANG_WARN_COMMA = YES;
				CLANG_WARN_CONSTANT_CONVERSION = YES;
				CLANG_WARN_DEPRECATED_OBJC_IMPLEMENTATIONS = YES;
				CLANG_WARN_DIRECT_OBJC_ISA_USAGE = YES_ERROR;
				CLANG_WARN_DOCUMENTATION_COMMENTS = YES;
				CLANG_WARN_EMPTY_BODY = YES;
				CLANG_WARN_ENUM_CONVERSION = YES;
				CLANG_WARN_INFINITE_RECURSION = YES;
				CLANG_WARN_INT_CONVERSION = YES;
				CLANG_WARN_NON_LITERAL_NULL_CONVERSION = YES;
				CLANG_WARN_OBJC_IMPLICIT_RETAIN_SELF = YES;
				CLANG_WARN_OBJC_LITERAL_CONVERSION = YES;
				CLANG_WARN_OBJC_ROOT_CLASS = YES_ERROR;
				CLANG_WARN_QUOTED_INCLUDE_IN_FRAMEWORK_HEADER = YES;
				CLANG_WARN_RANGE_LOOP_ANALYSIS = YES;
				CLANG_WARN_STRICT_PROTOTYPES = YES;
				CLANG_WARN_SUSPICIOUS_MOVE = YES;
				CLANG_WARN_UNGUARDED_AVAILABILITY = YES_AGGRESSIVE;
				CLANG_WARN_UNREACHABLE_CODE = YES;
				CLANG_WARN__DUPLICATE_METHOD_MATCH = YES;
				COPY_PHASE_STRIP = NO;
				DEBUG_INFORMATION_FORMAT = "dwarf-with-dsym";
				ENABLE_NS_ASSERTIONS = NO;
				ENABLE_STRICT_OBJC_MSGSEND = YES;
				GCC_C_LANGUAGE_STANDARD = gnu11;
				GCC_NO_COMMON_BLOCKS = YES;
				GCC_WARN_64_TO_32_BIT_CONVERSION = YES;
				GCC_WARN_ABOUT_RETURN_TYPE = YES_ERROR;
				GCC_WARN_UNDECLARED_SELECTOR = YES;
				GCC_WARN_UNINITIALIZED_AUTOS = YES_AGGRESSIVE;
				GCC_WARN_UNUSED_FUNCTION = YES;
				GCC_WARN_UNUSED_VARIABLE = YES;
				IPHONEOS_DEPLOYMENT_TARGET = 15.4;
				MTL_ENABLE_DEBUG_INFO = NO;
				MTL_FAST_MATH = YES;
				SDKROOT = iphoneos;
				SWIFT_COMPILATION_MODE = wholemodule;
				SWIFT_OPTIMIZATION_LEVEL = "-O";
				VALIDATE_PRODUCT = YES;
			};
			name = Release;
		};
		8A568D5627FC81A0000E44FD /* Debug */ = {
			isa = XCBuildConfiguration;
			buildSettings = {
				ASSETCATALOG_COMPILER_APPICON_NAME = AppIcon;
				ASSETCATALOG_COMPILER_GLOBAL_ACCENT_COLOR_NAME = AccentColor;
				CODE_SIGN_STYLE = Automatic;
				CURRENT_PROJECT_VERSION = 1;
				DEVELOPMENT_TEAM = 4Q562DAKAQ;
				GENERATE_INFOPLIST_FILE = YES;
				INFOPLIST_FILE = RecruitmentTask/Info.plist;
				INFOPLIST_KEY_UIApplicationSupportsIndirectInputEvents = YES;
				INFOPLIST_KEY_UILaunchStoryboardName = LaunchScreen;
				INFOPLIST_KEY_UISupportedInterfaceOrientations_iPad = "UIInterfaceOrientationPortrait UIInterfaceOrientationPortraitUpsideDown UIInterfaceOrientationLandscapeLeft UIInterfaceOrientationLandscapeRight";
				INFOPLIST_KEY_UISupportedInterfaceOrientations_iPhone = "UIInterfaceOrientationPortrait UIInterfaceOrientationLandscapeLeft UIInterfaceOrientationLandscapeRight";
				LD_RUNPATH_SEARCH_PATHS = (
					"$(inherited)",
					"@executable_path/Frameworks",
				);
				MARKETING_VERSION = 1.0;
				PRODUCT_BUNDLE_IDENTIFIER = com.lefdilia.RecruitmentTask;
				PRODUCT_NAME = "$(TARGET_NAME)";
				SWIFT_EMIT_LOC_STRINGS = YES;
				SWIFT_VERSION = 5.0;
				TARGETED_DEVICE_FAMILY = "1,2";
			};
			name = Debug;
		};
		8A568D5727FC81A0000E44FD /* Release */ = {
			isa = XCBuildConfiguration;
			buildSettings = {
				ASSETCATALOG_COMPILER_APPICON_NAME = AppIcon;
				ASSETCATALOG_COMPILER_GLOBAL_ACCENT_COLOR_NAME = AccentColor;
				CODE_SIGN_STYLE = Automatic;
				CURRENT_PROJECT_VERSION = 1;
				DEVELOPMENT_TEAM = 4Q562DAKAQ;
				GENERATE_INFOPLIST_FILE = YES;
				INFOPLIST_FILE = RecruitmentTask/Info.plist;
				INFOPLIST_KEY_UIApplicationSupportsIndirectInputEvents = YES;
				INFOPLIST_KEY_UILaunchStoryboardName = LaunchScreen;
				INFOPLIST_KEY_UISupportedInterfaceOrientations_iPad = "UIInterfaceOrientationPortrait UIInterfaceOrientationPortraitUpsideDown UIInterfaceOrientationLandscapeLeft UIInterfaceOrientationLandscapeRight";
				INFOPLIST_KEY_UISupportedInterfaceOrientations_iPhone = "UIInterfaceOrientationPortrait UIInterfaceOrientationLandscapeLeft UIInterfaceOrientationLandscapeRight";
				LD_RUNPATH_SEARCH_PATHS = (
					"$(inherited)",
					"@executable_path/Frameworks",
				);
				MARKETING_VERSION = 1.0;
				PRODUCT_BUNDLE_IDENTIFIER = com.lefdilia.RecruitmentTask;
				PRODUCT_NAME = "$(TARGET_NAME)";
				SWIFT_EMIT_LOC_STRINGS = YES;
				SWIFT_VERSION = 5.0;
				TARGETED_DEVICE_FAMILY = "1,2";
			};
			name = Release;
		};
/* End XCBuildConfiguration section */

/* Begin XCConfigurationList section */
		8A568D3C27FC819F000E44FD /* Build configuration list for PBXProject "RecruitmentTask" */ = {
			isa = XCConfigurationList;
			buildConfigurations = (
				8A568D5327FC81A0000E44FD /* Debug */,
				8A568D5427FC81A0000E44FD /* Release */,
			);
			defaultConfigurationIsVisible = 0;
			defaultConfigurationName = Release;
		};
		8A568D5527FC81A0000E44FD /* Build configuration list for PBXNativeTarget "RecruitmentTask" */ = {
			isa = XCConfigurationList;
			buildConfigurations = (
				8A568D5627FC81A0000E44FD /* Debug */,
				8A568D5727FC81A0000E44FD /* Release */,
			);
			defaultConfigurationIsVisible = 0;
			defaultConfigurationName = Release;
		};
/* End XCConfigurationList section */
	};
	rootObject = 8A568D3927FC819F000E44FD /* Project object */;
}
